
Microsoft Visual Studio Solution File, Format Version 12.00
# Visual Studio 15
VisualStudioVersion = 15.0.28307.572
MinimumVisualStudioVersion = 10.0.40219.1
Project("{8BC9CEB8-8B4A-11D0-8D11-00A0C91BC942}") = "세 정수 중에서 가장 큰 수 구하기(서바이벌 방식)", "세 정수 중에서 가장 큰 수 구하기(서바이벌 방식).vcxproj", "{AC7F927B-464C-44A4-A850-404FEDE89D6D}"
EndProject
Global
	GlobalSection(SolutionConfigurationPlatforms) = preSolution
		Debug|x64 = Debug|x64
		Debug|x86 = Debug|x86
		Release|x64 = Release|x64
		Release|x86 = Release|x86
	EndGlobalSection
	GlobalSection(ProjectConfigurationPlatforms) = postSolution
		{AC7F927B-464C-44A4-A850-404FEDE89D6D}.Debug|x64.ActiveCfg = Debug|x64
		{AC7F927B-464C-44A4-A850-404FEDE89D6D}.Debug|x64.Build.0 = Debug|x64
		{AC7F927B-464C-44A4-A850-404FEDE89D6D}.Debug|x86.ActiveCfg = Debug|Win32
		{AC7F927B-464C-44A4-A850-404FEDE89D6D}.Debug|x86.Build.0 = Debug|Win32
		{AC7F927B-464C-44A4-A850-404FEDE89D6D}.Release|x64.ActiveCfg = Release|x64
		{AC7F927B-464C-44A4-A850-404FEDE89D6D}.Release|x64.Build.0 = Release|x64
		{AC7F927B-464C-44A4-A850-404FEDE89D6D}.Release|x86.ActiveCfg = Release|Win32
		{AC7F927B-464C-44A4-A850-404FEDE89D6D}.Release|x86.Build.0 = Release|Win32
	EndGlobalSection
	GlobalSection(SolutionProperties) = preSolution
		HideSolutionNode = FALSE
	EndGlobalSection
	GlobalSection(ExtensibilityGlobals) = postSolution
		SolutionGuid = {ED9125EB-4662-4888-BB95-3A4ADDD9F0CD}
	EndGlobalSection
EndGlobal
