
Microsoft Visual Studio Solution File, Format Version 12.00
# Visual Studio 15
VisualStudioVersion = 15.0.28307.572
MinimumVisualStudioVersion = 10.0.40219.1
Project("{8BC9CEB8-8B4A-11D0-8D11-00A0C91BC942}") = "합격자와 불합격자를 분류하는 방법", "합격자와 불합격자를 분류하는 방법.vcxproj", "{24BE9A8C-26F2-4A7E-AE62-EC9B6CE0AD00}"
EndProject
Global
	GlobalSection(SolutionConfigurationPlatforms) = preSolution
		Debug|x64 = Debug|x64
		Debug|x86 = Debug|x86
		Release|x64 = Release|x64
		Release|x86 = Release|x86
	EndGlobalSection
	GlobalSection(ProjectConfigurationPlatforms) = postSolution
		{24BE9A8C-26F2-4A7E-AE62-EC9B6CE0AD00}.Debug|x64.ActiveCfg = Debug|x64
		{24BE9A8C-26F2-4A7E-AE62-EC9B6CE0AD00}.Debug|x64.Build.0 = Debug|x64
		{24BE9A8C-26F2-4A7E-AE62-EC9B6CE0AD00}.Debug|x86.ActiveCfg = Debug|Win32
		{24BE9A8C-26F2-4A7E-AE62-EC9B6CE0AD00}.Debug|x86.Build.0 = Debug|Win32
		{24BE9A8C-26F2-4A7E-AE62-EC9B6CE0AD00}.Release|x64.ActiveCfg = Release|x64
		{24BE9A8C-26F2-4A7E-AE62-EC9B6CE0AD00}.Release|x64.Build.0 = Release|x64
		{24BE9A8C-26F2-4A7E-AE62-EC9B6CE0AD00}.Release|x86.ActiveCfg = Release|Win32
		{24BE9A8C-26F2-4A7E-AE62-EC9B6CE0AD00}.Release|x86.Build.0 = Release|Win32
	EndGlobalSection
	GlobalSection(SolutionProperties) = preSolution
		HideSolutionNode = FALSE
	EndGlobalSection
	GlobalSection(ExtensibilityGlobals) = postSolution
		SolutionGuid = {EC89EE6E-C733-46C2-984B-204E0A0A17EC}
	EndGlobalSection
EndGlobal
